{
  "name": "miadi-phone-capture",
  "version": "0.1.0",
  "lockfileVersion": 3,
  "requires": true,
  "packages": {
    "": {
      "name": "miadi-phone-capture",
      "version": "0.1.0",
      "dependencies": {
        "@miadi/capture-service": "^0.3.0"
      },
      "engines": {
        "node": ">=20"
      }
    },
    "node_modules/@miadi/capture": {
      "version": "0.2.1",
      "resolved": "https://registry.npmjs.org/@miadi/capture/-/capture-0.2.1.tgz",
      "integrity": "sha512-dasAW517sg6tQP4X+noL9ue3voBPpugv7YE01TkdIGzgl01HuQ9WRO74hbfIxNH3DnKbxOJHhBKiQdjtFF4u9g==",
      "license": "MIT",
      "dependencies": {
        "@miadi/episodic-memory-schema": "^0.10.0"
      },
      "engines": {
        "node": ">=20"
      }
    },
    "node_modules/@miadi/capture-client": {
      "version": "0.2.0",
      "resolved": "https://registry.npmjs.org/@miadi/capture-client/-/capture-client-0.2.0.tgz",
      "integrity": "sha512-eZVOju2jogN6bajngXRkPyFlpaLWYxfpj/cYn/dtvjiVk3uBooLn5xFEMybqwwUVkCbUidC2VyjgSd2SeleyJQ==",
      "license": "MIT",
      "dependencies": {
        "@miadi/capture": "^0.2.0"
      },
      "engines": {
        "node": ">=20"
      }
    },
    "node_modules/@miadi/capture-service": {
      "version": "0.3.0",
      "resolved": "https://registry.npmjs.org/@miadi/capture-service/-/capture-service-0.3.0.tgz",
      "integrity": "sha512-IuxyUq4qcnoE75UnzTetducA/eyC8r0iV2XuvFx5UzRDU3qPgPqkfLRgJ2fL4iaUKKVn2dCJmqI2PXORBRGxoA==",
      "license": "MIT",
      "dependencies": {
        "@miadi/capture": "^0.2.0",
        "@miadi/capture-client": "^0.2.0",
        "@miadi/episode-capture": "^0.1.0",
        "@miadi/episodic-memory-schema": "^0.10.0",
        "@miadi/node-service-kit": "^0.1.1",
        "@miadi/transcription": "^0.3.0"
      },
      "bin": {
        "miadi-capture-service": "dist/main.js"
      },
      "engines": {
        "node": ">=20"
      }
    },
    "node_modules/@miadi/episode-capture": {
      "version": "0.1.1",
      "resolved": "https://registry.npmjs.org/@miadi/episode-capture/-/episode-capture-0.1.1.tgz",
      "integrity": "sha512-0XjKj29tARllw0lK50WMaVVIdASMs/uOC1Tndx1c18izZvcm0U/htTZi8GPA4kh5//DHdM9LINGodFb5WAgQnQ==",
      "license": "MIT",
      "dependencies": {
        "@miadi/capture": "^0.2.1",
        "@miadi/episodic-memory-schema": "^0.10.0",
        "@miadi/transcription": "^0.3.1"
      },
      "bin": {
        "miadi-episode-capture": "dist/bin.js"
      },
      "engines": {
        "node": ">=18.17"
      }
    },
    "node_modules/@miadi/episodic-memory-schema": {
      "version": "0.10.0",
      "resolved": "https://registry.npmjs.org/@miadi/episodic-memory-schema/-/episodic-memory-schema-0.10.0.tgz",
      "integrity": "sha512-N7dEh9zjV5L/+MvB+GK6p3LBPZdh6ds/mc1MnGvloxtCX6t8Ri3dOYgI9UISuTtd0VzQcW97fIzUCGT6cIhOlQ==",
      "license": "MIT",
      "engines": {
        "node": ">=18.17"
      }
    },
    "node_modules/@miadi/node-service-kit": {
      "version": "0.1.1",
      "resolved": "https://registry.npmjs.org/@miadi/node-service-kit/-/node-service-kit-0.1.1.tgz",
      "integrity": "sha512-EXCTOkN/V86MtlX+HLkizanFUbOsDgm7mxy9C2pRjr3yxv+GnvXFAsrBKVJ+o45tQqR/OT+tIAvENfF6yhfGHw==",
      "license": "MIT",
      "engines": {
        "node": ">=20.19"
      }
    },
    "node_modules/@miadi/transcription": {
      "version": "0.3.1",
      "resolved": "https://registry.npmjs.org/@miadi/transcription/-/transcription-0.3.1.tgz",
      "integrity": "sha512-NCBF/tArVgLec3wFGapdrcjz4//sl88IKe7tC5IiujKNQPMKmOZF9t2kTEbkjmbCc6fpvgAFUwX8vDKVL+QltA==",
      "license": "MIT",
      "dependencies": {
        "@miadi/episodic-memory-schema": "^0.10.0"
      },
      "bin": {
        "miadi-transcription": "dist/bin.js"
      },
      "engines": {
        "node": ">=18.17"
      }
    }
  }
}
